// !$*UTF8*$!
{
	archiveVersion = 1;
	classes = {
	};
	objectVersion = 56;
	objects = {

/* Begin PBXBuildFile section */
		C421367E2B9276300030EE63 /* RealityKitContent in Frameworks */ = {isa = PBXBuildFile; productRef = C421367D2B9276300030EE63 /* RealityKitContent */; };
		C42136802B9276300030EE63 /* Sticky_NotesApp.swift in Sources */ = {isa = PBXBuildFile; fileRef = C421367F2B9276300030EE63 /* Sticky_NotesApp.swift */; };
		C42136822B9276300030EE63 /* ContentView.swift in Sources */ = {isa = PBXBuildFile; fileRef = C42136812B9276300030EE63 /* ContentView.swift */; };
		C42136842B9276310030EE63 /* Assets.xcassets in Resources */ = {isa = PBXBuildFile; fileRef = C42136832B9276310030EE63 /* Assets.xcassets */; };
		C42136872B9276310030EE63 /* Preview Assets.xcassets in Resources */ = {isa = PBXBuildFile; fileRef = C42136862B9276310030EE63 /* Preview Assets.xcassets */; };
		C42136922B9276310030EE63 /* Sticky_NotesTests.swift in Sources */ = {isa = PBXBuildFile; fileRef = C42136912B9276310030EE63 /* Sticky_NotesTests.swift */; };
/* End PBXBuildFile section */

/* Begin PBXContainerItemProxy section */
		C421368E2B9276310030EE63 /* PBXContainerItemProxy */ = {
			isa = PBXContainerItemProxy;
			containerPortal = C42136702B9276300030EE63 /* Project object */;
			proxyType = 1;
			remoteGlobalIDString = C42136772B9276300030EE63;
			remoteInfo = "Sticky Notes";
		};
/* End PBXContainerItemProxy section */

/* Begin PBXFileReference section */
		C42136782B9276300030EE63 /* Sticky Notes.app */ = {isa = PBXFileReference; explicitFileType = wrapper.application; includeInIndex = 0; path = "Sticky Notes.app"; sourceTree = BUILT_PRODUCTS_DIR; };
		C421367C2B9276300030EE63 /* RealityKitContent */ = {isa = PBXFileReference; lastKnownFileType = wrapper; path = RealityKitContent; sourceTree = "<group>"; };
		C421367F2B9276300030EE63 /* Sticky_NotesApp.swift */ = {isa = PBXFileReference; lastKnownFileType = sourcecode.swift; path = Sticky_NotesApp.swift; sourceTree = "<group>"; };
		C42136812B9276300030EE63 /* ContentView.swift */ = {isa = PBXFileReference; lastKnownFileType = sourcecode.swift; path = ContentView.swift; sourceTree = "<group>"; };
		C42136832B9276310030EE63 /* Assets.xcassets */ = {isa = PBXFileReference; lastKnownFileType = folder.assetcatalog; path = Assets.xcassets; sourceTree = "<group>"; };
		C42136862B9276310030EE63 /* Preview Assets.xcassets */ = {isa = PBXFileReference; lastKnownFileType = folder.assetcatalog; path = "Preview Assets.xcassets"; sourceTree = "<group>"; };
		C42136882B9276310030EE63 /* Info.plist */ = {isa = PBXFileReference; lastKnownFileType = text.plist.xml; path = Info.plist; sourceTree = "<group>"; };
		C421368D2B9276310030EE63 /* Sticky NotesTests.xctest */ = {isa = PBXFileReference; explicitFileType = wrapper.cfbundle; includeInIndex = 0; path = "Sticky NotesTests.xctest"; sourceTree = BUILT_PRODUCTS_DIR; };
		C42136912B9276310030EE63 /* Sticky_NotesTests.swift */ = {isa = PBXFileReference; lastKnownFileType = sourcecode.swift; path = Sticky_NotesTests.swift; sourceTree = "<group>"; };
/* End PBXFileReference section */

/* Begin PBXFrameworksBuildPhase section */
		C42136752B9276300030EE63 /* Frameworks */ = {
			isa = PBXFrameworksBuildPhase;
			buildActionMask = 2147483647;
			files = (
				C421367E2B9276300030EE63 /* RealityKitContent in Frameworks */,
			);
			runOnlyForDeploymentPostprocessing = 0;
		};
		C421368A2B9276310030EE63 /* Frameworks */ = {
			isa = PBXFrameworksBuildPhase;
			buildActionMask = 2147483647;
			files = (
			);
			runOnlyForDeploymentPostprocessing = 0;
		};
/* End PBXFrameworksBuildPhase section */

/* Begin PBXGroup section */
		C421366F2B9276300030EE63 = {
			isa = PBXGroup;
			children = (
				C421367A2B9276300030EE63 /* Sticky Notes */,
				C421367B2B9276300030EE63 /* Packages */,
				C42136902B9276310030EE63 /* Sticky NotesTests */,
				C42136792B9276300030EE63 /* Products */,
			);
			sourceTree = "<group>";
		};
		C42136792B9276300030EE63 /* Products */ = {
			isa = PBXGroup;
			children = (
				C42136782B9276300030EE63 /* Sticky Notes.app */,
				C421368D2B9276310030EE63 /* Sticky NotesTests.xctest */,
			);
			name = Products;
			sourceTree = "<group>";
		};
		C421367A2B9276300030EE63 /* Sticky Notes */ = {
			isa = PBXGroup;
			children = (
				C421367F2B9276300030EE63 /* Sticky_NotesApp.swift */,
				C42136812B9276300030EE63 /* ContentView.swift */,
				C42136832B9276310030EE63 /* Assets.xcassets */,
				C42136882B9276310030EE63 /* Info.plist */,
				C42136852B9276310030EE63 /* Preview Content */,
			);
			path = "Sticky Notes";
			sourceTree = "<group>";
		};
		C421367B2B9276300030EE63 /* Packages */ = {
			isa = PBXGroup;
			children = (
				C421367C2B9276300030EE63 /* RealityKitContent */,
			);
			path = Packages;
			sourceTree = "<group>";
		};
		C42136852B9276310030EE63 /* Preview Content */ = {
			isa = PBXGroup;
			children = (
				C42136862B9276310030EE63 /* Preview Assets.xcassets */,
			);
			path = "Preview Content";
			sourceTree = "<group>";
		};
		C42136902B9276310030EE63 /* Sticky NotesTests */ = {
			isa = PBXGroup;
			children = (
				C42136912B9276310030EE63 /* Sticky_NotesTests.swift */,
			);
			path = "Sticky NotesTests";
			sourceTree = "<group>";
		};
/* End PBXGroup section */

/* Begin PBXNativeTarget section */
		C42136772B9276300030EE63 /* Sticky Notes */ = {
			isa = PBXNativeTarget;
			buildConfigurationList = C42136952B9276310030EE63 /* Build configuration list for PBXNativeTarget "Sticky Notes" */;
			buildPhases = (
				C42136742B9276300030EE63 /* Sources */,
				C42136752B9276300030EE63 /* Frameworks */,
				C42136762B9276300030EE63 /* Resources */,
			);
			buildRules = (
			);
			dependencies = (
			);
			name = "Sticky Notes";
			packageProductDependencies = (
				C421367D2B9276300030EE63 /* RealityKitContent */,
			);
			productName = "Sticky Notes";
			productReference = C42136782B9276300030EE63 /* Sticky Notes.app */;
			productType = "com.apple.product-type.application";
		};
		C421368C2B9276310030EE63 /* Sticky NotesTests */ = {
			isa = PBXNativeTarget;
			buildConfigurationList = C42136982B9276310030EE63 /* Build configuration list for PBXNativeTarget "Sticky NotesTests" */;
			buildPhases = (
				C42136892B9276310030EE63 /* Sources */,
				C421368A2B9276310030EE63 /* Frameworks */,
				C421368B2B9276310030EE63 /* Resources */,
			);
			buildRules = (
			);
			dependencies = (
				C421368F2B9276310030EE63 /* PBXTargetDependency */,
			);
			name = "Sticky NotesTests";
			productName = "Sticky NotesTests";
			productReference = C421368D2B9276310030EE63 /* Sticky NotesTests.xctest */;
			productType = "com.apple.product-type.bundle.unit-test";
		};
/* End PBXNativeTarget section */

/* Begin PBXProject section */
		C42136702B9276300030EE63 /* Project object */ = {
			isa = PBXProject;
			attributes = {
				BuildIndependentTargetsInParallel = 1;
				LastSwiftUpdateCheck = 1520;
				LastUpgradeCheck = 1520;
				TargetAttributes = {
					C42136772B9276300030EE63 = {
						CreatedOnToolsVersion = 15.2;
					};
					C421368C2B9276310030EE63 = {
						CreatedOnToolsVersion = 15.2;
						TestTargetID = C42136772B9276300030EE63;
					};
				};
			};
			buildConfigurationList = C42136732B9276300030EE63 /* Build configuration list for PBXProject "Sticky Notes" */;
			compatibilityVersion = "Xcode 14.0";
			developmentRegion = en;
			hasScannedForEncodings = 0;
			knownRegions = (
				en,
				Base,
			);
			mainGroup = C421366F2B9276300030EE63;
			productRefGroup = C42136792B9276300030EE63 /* Products */;
			projectDirPath = "";
			projectRoot = "";
			targets = (
				C42136772B9276300030EE63 /* Sticky Notes */,
				C421368C2B9276310030EE63 /* Sticky NotesTests */,
			);
		};
/* End PBXProject section */

/* Begin PBXResourcesBuildPhase section */
		C42136762B9276300030EE63 /* Resources */ = {
			isa = PBXResourcesBuildPhase;
			buildActionMask = 2147483647;
			files = (
				C42136872B9276310030EE63 /* Preview Assets.xcassets in Resources */,
				C42136842B9276310030EE63 /* Assets.xcassets in Resources */,
			);
			runOnlyForDeploymentPostprocessing = 0;
		};
		C421368B2B9276310030EE63 /* Resources */ = {
			isa = PBXResourcesBuildPhase;
			buildActionMask = 2147483647;
			files = (
			);
			runOnlyForDeploymentPostprocessing = 0;
		};
/* End PBXResourcesBuildPhase section */

/* Begin PBXSourcesBuildPhase section */
		C42136742B9276300030EE63 /* Sources */ = {
			isa = PBXSourcesBuildPhase;
			buildActionMask = 2147483647;
			files = (
				C42136822B9276300030EE63 /* ContentView.swift in Sources */,
				C42136802B9276300030EE63 /* Sticky_NotesApp.swift in Sources */,
			);
			runOnlyForDeploymentPostprocessing = 0;
		};
		C42136892B9276310030EE63 /* Sources */ = {
			isa = PBXSourcesBuildPhase;
			buildActionMask = 2147483647;
			files = (
				C42136922B9276310030EE63 /* Sticky_NotesTests.swift in Sources */,
			);
			runOnlyForDeploymentPostprocessing = 0;
		};
/* End PBXSourcesBuildPhase section */

/* Begin PBXTargetDependency section */
		C421368F2B9276310030EE63 /* PBXTargetDependency */ = {
			isa = PBXTargetDependency;
			target = C42136772B9276300030EE63 /* Sticky Notes */;
			targetProxy = C421368E2B9276310030EE63 /* PBXContainerItemProxy */;
		};
/* End PBXTargetDependency section */

/* Begin XCBuildConfiguration section */
		C42136932B9276310030EE63 /* Debug */ = {
			isa = XCBuildConfiguration;
			buildSettings = {
				ALWAYS_SEARCH_USER_PATHS = NO;
				ASSETCATALOG_COMPILER_GENERATE_SWIFT_ASSET_SYMBOL_EXTENSIONS = YES;
				CLANG_ANALYZER_NONNULL = YES;
				CLANG_ANALYZER_NUMBER_OBJECT_CONVERSION = YES_AGGRESSIVE;
				CLANG_CXX_LANGUAGE_STANDARD = "gnu++20";
				CLANG_ENABLE_MODULES = YES;
				CLANG_ENABLE_OBJC_ARC = YES;
				CLANG_ENABLE_OBJC_WEAK = YES;
				CLANG_WARN_BLOCK_CAPTURE_AUTORELEASING = YES;
				CLANG_WARN_BOOL_CONVERSION = YES;
				CLANG_WARN_COMMA = YES;
				CLANG_WARN_CONSTANT_CONVERSION = YES;
				CLANG_WARN_DEPRECATED_OBJC_IMPLEMENTATIONS = YES;
				CLANG_WARN_DIRECT_OBJC_ISA_USAGE = YES_ERROR;
				CLANG_WARN_DOCUMENTATION_COMMENTS = YES;
				CLANG_WARN_EMPTY_BODY = YES;
				CLANG_WARN_ENUM_CONVERSION = YES;
				CLANG_WARN_INFINITE_RECURSION = YES;
				CLANG_WARN_INT_CONVERSION = YES;
				CLANG_WARN_NON_LITERAL_NULL_CONVERSION = YES;
				CLANG_WARN_OBJC_IMPLICIT_RETAIN_SELF = YES;
				CLANG_WARN_OBJC_LITERAL_CONVERSION = YES;
				CLANG_WARN_OBJC_ROOT_CLASS = YES_ERROR;
				CLANG_WARN_QUOTED_INCLUDE_IN_FRAMEWORK_HEADER = YES;
				CLANG_WARN_RANGE_LOOP_ANALYSIS = YES;
				CLANG_WARN_STRICT_PROTOTYPES = YES;
				CLANG_WARN_SUSPICIOUS_MOVE = YES;
				CLANG_WARN_UNGUARDED_AVAILABILITY = YES_AGGRESSIVE;
				CLANG_WARN_UNREACHABLE_CODE = YES;
				CLANG_WARN__DUPLICATE_METHOD_MATCH = YES;
				COPY_PHASE_STRIP = NO;
				DEBUG_INFORMATION_FORMAT = dwarf;
				ENABLE_STRICT_OBJC_MSGSEND = YES;
				ENABLE_TESTABILITY = YES;
				ENABLE_USER_SCRIPT_SANDBOXING = YES;
				GCC_C_LANGUAGE_STANDARD = gnu17;
				GCC_DYNAMIC_NO_PIC = NO;
				GCC_NO_COMMON_BLOCKS = YES;
				GCC_OPTIMIZATION_LEVEL = 0;
				GCC_PREPROCESSOR_DEFINITIONS = (
					"DEBUG=1",
					"$(inherited)",
				);
				GCC_WARN_64_TO_32_BIT_CONVERSION = YES;
				GCC_WARN_ABOUT_RETURN_TYPE = YES_ERROR;
				GCC_WARN_UNDECLARED_SELECTOR = YES;
				GCC_WARN_UNINITIALIZED_AUTOS = YES_AGGRESSIVE;
				GCC_WARN_UNUSED_FUNCTION = YES;
				GCC_WARN_UNUSED_VARIABLE = YES;
				LOCALIZATION_PREFERS_STRING_CATALOGS = YES;
				MTL_ENABLE_DEBUG_INFO = INCLUDE_SOURCE;
				MTL_FAST_MATH = YES;
				ONLY_ACTIVE_ARCH = YES;
				SDKROOT = xros;
				SWIFT_ACTIVE_COMPILATION_CONDITIONS = "DEBUG $(inherited)";
				SWIFT_OPTIMIZATION_LEVEL = "-Onone";
				XROS_DEPLOYMENT_TARGET = 1.0;
			};
			name = Debug;
		};
		C42136942B9276310030EE63 /* Release */ = {
			isa = XCBuildConfiguration;
			buildSettings = {
				ALWAYS_SEARCH_USER_PATHS = NO;
				ASSETCATALOG_COMPILER_GENERATE_SWIFT_ASSET_SYMBOL_EXTENSIONS = YES;
				CLANG_ANALYZER_NONNULL = YES;
				CLANG_ANALYZER_NUMBER_OBJECT_CONVERSION = YES_AGGRESSIVE;
				CLANG_CXX_LANGUAGE_STANDARD = "gnu++20";
				CLANG_ENABLE_MODULES = YES;
				CLANG_ENABLE_OBJC_ARC = YES;
				CLANG_ENABLE_OBJC_WEAK = YES;
				CLANG_WARN_BLOCK_CAPTURE_AUTORELEASING = YES;
				CLANG_WARN_BOOL_CONVERSION = YES;
				CLANG_WARN_COMMA = YES;
				CLANG_WARN_CONSTANT_CONVERSION = YES;
				CLANG_WARN_DEPRECATED_OBJC_IMPLEMENTATIONS = YES;
				CLANG_WARN_DIRECT_OBJC_ISA_USAGE = YES_ERROR;
				CLANG_WARN_DOCUMENTATION_COMMENTS = YES;
				CLANG_WARN_EMPTY_BODY = YES;
				CLANG_WARN_ENUM_CONVERSION = YES;
				CLANG_WARN_INFINITE_RECURSION = YES;
				CLANG_WARN_INT_CONVERSION = YES;
				CLANG_WARN_NON_LITERAL_NULL_CONVERSION = YES;
				CLANG_WARN_OBJC_IMPLICIT_RETAIN_SELF = YES;
				CLANG_WARN_OBJC_LITERAL_CONVERSION = YES;
				CLANG_WARN_OBJC_ROOT_CLASS = YES_ERROR;
				CLANG_WARN_QUOTED_INCLUDE_IN_FRAMEWORK_HEADER = YES;
				CLANG_WARN_RANGE_LOOP_ANALYSIS = YES;
				CLANG_WARN_STRICT_PROTOTYPES = YES;
				CLANG_WARN_SUSPICIOUS_MOVE = YES;
				CLANG_WARN_UNGUARDED_AVAILABILITY = YES_AGGRESSIVE;
				CLANG_WARN_UNREACHABLE_CODE = YES;
				CLANG_WARN__DUPLICATE_METHOD_MATCH = YES;
				COPY_PHASE_STRIP = NO;
				DEBUG_INFORMATION_FORMAT = "dwarf-with-dsym";
				ENABLE_NS_ASSERTIONS = NO;
				ENABLE_STRICT_OBJC_MSGSEND = YES;
				ENABLE_USER_SCRIPT_SANDBOXING = YES;
				GCC_C_LANGUAGE_STANDARD = gnu17;
				GCC_NO_COMMON_BLOCKS = YES;
				GCC_WARN_64_TO_32_BIT_CONVERSION = YES;
				GCC_WARN_ABOUT_RETURN_TYPE = YES_ERROR;
				GCC_WARN_UNDECLARED_SELECTOR = YES;
				GCC_WARN_UNINITIALIZED_AUTOS = YES_AGGRESSIVE;
				GCC_WARN_UNUSED_FUNCTION = YES;
				GCC_WARN_UNUSED_VARIABLE = YES;
				LOCALIZATION_PREFERS_STRING_CATALOGS = YES;
				MTL_ENABLE_DEBUG_INFO = NO;
				MTL_FAST_MATH = YES;
				SDKROOT = xros;
				SWIFT_COMPILATION_MODE = wholemodule;
				VALIDATE_PRODUCT = YES;
				XROS_DEPLOYMENT_TARGET = 1.0;
			};
			name = Release;
		};
		C42136962B9276310030EE63 /* Debug */ = {
			isa = XCBuildConfiguration;
			buildSettings = {
				ASSETCATALOG_COMPILER_APPICON_NAME = AppIcon;
				ASSETCATALOG_COMPILER_GLOBAL_ACCENT_COLOR_NAME = AccentColor;
				CODE_SIGN_STYLE = Automatic;
				CURRENT_PROJECT_VERSION = 1;
				DEVELOPMENT_ASSET_PATHS = "\"Sticky Notes/Preview Content\"";
				DEVELOPMENT_TEAM = P2HHS9CUR6;
				ENABLE_PREVIEWS = YES;
				GENERATE_INFOPLIST_FILE = YES;
				INFOPLIST_FILE = "$(TARGET_NAME)/Info.plist";
				LD_RUNPATH_SEARCH_PATHS = (
					"$(inherited)",
					"@executable_path/Frameworks",
				);
				MARKETING_VERSION = 1.0;
				PRODUCT_BUNDLE_IDENTIFIER = "waitedco.com.Sticky-Notes";
				PRODUCT_NAME = "$(TARGET_NAME)";
				SUPPORTED_PLATFORMS = "xros xrsimulator";
				SWIFT_EMIT_LOC_STRINGS = YES;
				SWIFT_VERSION = 5.0;
				TARGETED_DEVICE_FAMILY = "1,2,7";
			};
			name = Debug;
		};
		C42136972B9276310030EE63 /* Release */ = {
			isa = XCBuildConfiguration;
			buildSettings = {
				ASSETCATALOG_COMPILER_APPICON_NAME = AppIcon;
				ASSETCATALOG_COMPILER_GLOBAL_ACCENT_COLOR_NAME = AccentColor;
				CODE_SIGN_STYLE = Automatic;
				CURRENT_PROJECT_VERSION = 1;
				DEVELOPMENT_ASSET_PATHS = "\"Sticky Notes/Preview Content\"";
				DEVELOPMENT_TEAM = P2HHS9CUR6;
				ENABLE_PREVIEWS = YES;
				GENERATE_INFOPLIST_FILE = YES;
				INFOPLIST_FILE = "$(TARGET_NAME)/Info.plist";
				LD_RUNPATH_SEARCH_PATHS = (
					"$(inherited)",
					"@executable_path/Frameworks",
				);
				MARKETING_VERSION = 1.0;
				PRODUCT_BUNDLE_IDENTIFIER = "waitedco.com.Sticky-Notes";
				PRODUCT_NAME = "$(TARGET_NAME)";
				SUPPORTED_PLATFORMS = "xros xrsimulator";
				SWIFT_EMIT_LOC_STRINGS = YES;
				SWIFT_VERSION = 5.0;
				TARGETED_DEVICE_FAMILY = "1,2,7";
			};
			name = Release;
		};
		C42136992B9276310030EE63 /* Debug */ = {
			isa = XCBuildConfiguration;
			buildSettings = {
				ALWAYS_EMBED_SWIFT_STANDARD_LIBRARIES = YES;
				BUNDLE_LOADER = "$(TEST_HOST)";
				CODE_SIGN_STYLE = Automatic;
				CURRENT_PROJECT_VERSION = 1;
				DEVELOPMENT_TEAM = P2HHS9CUR6;
				GENERATE_INFOPLIST_FILE = YES;
				MARKETING_VERSION = 1.0;
				PRODUCT_BUNDLE_IDENTIFIER = "waitedco.com.Sticky-NotesTests";
				PRODUCT_NAME = "$(TARGET_NAME)";
				SUPPORTED_PLATFORMS = "xros xrsimulator";
				SWIFT_EMIT_LOC_STRINGS = NO;
				SWIFT_VERSION = 5.0;
				TARGETED_DEVICE_FAMILY = "1,2,7";
				TEST_HOST = "$(BUILT_PRODUCTS_DIR)/Sticky Notes.app/$(BUNDLE_EXECUTABLE_FOLDER_PATH)/Sticky Notes";
				XROS_DEPLOYMENT_TARGET = 1.0;
			};
			name = Debug;
		};
		C421369A2B9276310030EE63 /* Release */ = {
			isa = XCBuildConfiguration;
			buildSettings = {
				ALWAYS_EMBED_SWIFT_STANDARD_LIBRARIES = YES;
				BUNDLE_LOADER = "$(TEST_HOST)";
				CODE_SIGN_STYLE = Automatic;
				CURRENT_PROJECT_VERSION = 1;
				DEVELOPMENT_TEAM = P2HHS9CUR6;
				GENERATE_INFOPLIST_FILE = YES;
				MARKETING_VERSION = 1.0;
				PRODUCT_BUNDLE_IDENTIFIER = "waitedco.com.Sticky-NotesTests";
				PRODUCT_NAME = "$(TARGET_NAME)";
				SUPPORTED_PLATFORMS = "xros xrsimulator";
				SWIFT_EMIT_LOC_STRINGS = NO;
				SWIFT_VERSION = 5.0;
				TARGETED_DEVICE_FAMILY = "1,2,7";
				TEST_HOST = "$(BUILT_PRODUCTS_DIR)/Sticky Notes.app/$(BUNDLE_EXECUTABLE_FOLDER_PATH)/Sticky Notes";
				XROS_DEPLOYMENT_TARGET = 1.0;
			};
			name = Release;
		};
/* End XCBuildConfiguration section */

/* Begin XCConfigurationList section */
		C42136732B9276300030EE63 /* Build configuration list for PBXProject "Sticky Notes" */ = {
			isa = XCConfigurationList;
			buildConfigurations = (
				C42136932B9276310030EE63 /* Debug */,
				C42136942B9276310030EE63 /* Release */,
			);
			defaultConfigurationIsVisible = 0;
			defaultConfigurationName = Release;
		};
		C42136952B9276310030EE63 /* Build configuration list for PBXNativeTarget "Sticky Notes" */ = {
			isa = XCConfigurationList;
			buildConfigurations = (
				C42136962B9276310030EE63 /* Debug */,
				C42136972B9276310030EE63 /* Release */,
			);
			defaultConfigurationIsVisible = 0;
			defaultConfigurationName = Release;
		};
		C42136982B9276310030EE63 /* Build configuration list for PBXNativeTarget "Sticky NotesTests" */ = {
			isa = XCConfigurationList;
			buildConfigurations = (
				C42136992B9276310030EE63 /* Debug */,
				C421369A2B9276310030EE63 /* Release */,
			);
			defaultConfigurationIsVisible = 0;
			defaultConfigurationName = Release;
		};
/* End XCConfigurationList section */

/* Begin XCSwiftPackageProductDependency section */
		C421367D2B9276300030EE63 /* RealityKitContent */ = {
			isa = XCSwiftPackageProductDependency;
			productName = RealityKitContent;
		};
/* End XCSwiftPackageProductDependency section */
	};
	rootObject = C42136702B9276300030EE63 /* Project object */;
}
